// !$*UTF8*$!
{
	archiveVersion = 1;
	classes = {
	};
	objectVersion = 55;
	objects = {

/* Begin PBXBuildFile section */
		FE044D8F2828F57200EB19DE /* GoogleService-Info.plist in Resources */ = {isa = PBXBuildFile; fileRef = FE044D8E2828F57200EB19DE /* GoogleService-Info.plist */; };
		FE044D942828F73900EB19DE /* SignInWithApple.swift in Sources */ = {isa = PBXBuildFile; fileRef = FE044D932828F73900EB19DE /* SignInWithApple.swift */; };
		FE2B399F282A0BC8007DA876 /* SignInWithGoogle.swift in Sources */ = {isa = PBXBuildFile; fileRef = FE2B399E282A0BC8007DA876 /* SignInWithGoogle.swift */; };
		FE2B39A2282A0D4E007DA876 /* GoogleSignIn in Frameworks */ = {isa = PBXBuildFile; productRef = FE2B39A1282A0D4E007DA876 /* GoogleSignIn */; };
		FE2B39A5282A18DA007DA876 /* AuthService.swift in Sources */ = {isa = PBXBuildFile; fileRef = FE2B39A4282A18DA007DA876 /* AuthService.swift */; };
		FE53F6782824DF6A001722B3 /* UploadView.swift in Sources */ = {isa = PBXBuildFile; fileRef = FE53F6772824DF6A001722B3 /* UploadView.swift */; };
		FE53F67A2824E1ED001722B3 /* ImagePicker.swift in Sources */ = {isa = PBXBuildFile; fileRef = FE53F6792824E1ED001722B3 /* ImagePicker.swift */; };
		FE53F67C2824EADD001722B3 /* PostImageView.swift in Sources */ = {isa = PBXBuildFile; fileRef = FE53F67B2824EADD001722B3 /* PostImageView.swift */; };
		FE53F67E2824F09F001722B3 /* ProfileView.swift in Sources */ = {isa = PBXBuildFile; fileRef = FE53F67D2824F09F001722B3 /* ProfileView.swift */; };
		FE53F6802824F178001722B3 /* ProfileHeaderView.swift in Sources */ = {isa = PBXBuildFile; fileRef = FE53F67F2824F178001722B3 /* ProfileHeaderView.swift */; };
		FE53F6822824F764001722B3 /* SettingsView.swift in Sources */ = {isa = PBXBuildFile; fileRef = FE53F6812824F764001722B3 /* SettingsView.swift */; };
		FE53F6842824F919001722B3 /* SettingsLabelView.swift in Sources */ = {isa = PBXBuildFile; fileRef = FE53F6832824F919001722B3 /* SettingsLabelView.swift */; };
		FE53F6862824FAFD001722B3 /* SettingsRowView.swift in Sources */ = {isa = PBXBuildFile; fileRef = FE53F6852824FAFD001722B3 /* SettingsRowView.swift */; };
		FE53F6882824FFDA001722B3 /* SettingsEditTextView.swift in Sources */ = {isa = PBXBuildFile; fileRef = FE53F6872824FFDA001722B3 /* SettingsEditTextView.swift */; };
		FE53F68A28250354001722B3 /* SettingEditImageView.swift in Sources */ = {isa = PBXBuildFile; fileRef = FE53F68928250354001722B3 /* SettingEditImageView.swift */; };
		FE53F68C282508CA001722B3 /* SignupView.swift in Sources */ = {isa = PBXBuildFile; fileRef = FE53F68B282508CA001722B3 /* SignupView.swift */; };
		FE64455E2824B435001F22A7 /* ChanGramApp.swift in Sources */ = {isa = PBXBuildFile; fileRef = FE64455D2824B435001F22A7 /* ChanGramApp.swift */; };
		FE6445602824B435001F22A7 /* ContentView.swift in Sources */ = {isa = PBXBuildFile; fileRef = FE64455F2824B435001F22A7 /* ContentView.swift */; };
		FE6445622824B436001F22A7 /* Assets.xcassets in Resources */ = {isa = PBXBuildFile; fileRef = FE6445612824B436001F22A7 /* Assets.xcassets */; };
		FE6445652824B436001F22A7 /* Preview Assets.xcassets in Resources */ = {isa = PBXBuildFile; fileRef = FE6445642824B436001F22A7 /* Preview Assets.xcassets */; };
		FE64456C2824B980001F22A7 /* LaunchScreen.storyboard in Resources */ = {isa = PBXBuildFile; fileRef = FE64456B2824B980001F22A7 /* LaunchScreen.storyboard */; };
		FE6445722824BD36001F22A7 /* Extensions.swift in Sources */ = {isa = PBXBuildFile; fileRef = FE6445712824BD36001F22A7 /* Extensions.swift */; };
		FE6445742824BE0E001F22A7 /* FeedView.swift in Sources */ = {isa = PBXBuildFile; fileRef = FE6445732824BE0E001F22A7 /* FeedView.swift */; };
		FE6445762824BEE2001F22A7 /* PostView.swift in Sources */ = {isa = PBXBuildFile; fileRef = FE6445752824BEE2001F22A7 /* PostView.swift */; };
		FE6445792824C213001F22A7 /* PostModel.swift in Sources */ = {isa = PBXBuildFile; fileRef = FE6445782824C213001F22A7 /* PostModel.swift */; };
		FE64457B2824C4EF001F22A7 /* PostArrayObject.swift in Sources */ = {isa = PBXBuildFile; fileRef = FE64457A2824C4EF001F22A7 /* PostArrayObject.swift */; };
		FE64457D2824C84F001F22A7 /* CommentsView.swift in Sources */ = {isa = PBXBuildFile; fileRef = FE64457C2824C84F001F22A7 /* CommentsView.swift */; };
		FE64457F2824CA0D001F22A7 /* MessageView.swift in Sources */ = {isa = PBXBuildFile; fileRef = FE64457E2824CA0D001F22A7 /* MessageView.swift */; };
		FE780F2A2824CB8B009D93BC /* CommentModel.swift in Sources */ = {isa = PBXBuildFile; fileRef = FE780F292824CB8B009D93BC /* CommentModel.swift */; };
		FE780F2C2824D047009D93BC /* BrowseView.swift in Sources */ = {isa = PBXBuildFile; fileRef = FE780F2B2824D047009D93BC /* BrowseView.swift */; };
		FEBD5FFF282BB9CF00D6D11E /* LazyView.swift in Sources */ = {isa = PBXBuildFile; fileRef = FEBD5FFE282BB9CF00D6D11E /* LazyView.swift */; };
		FEBD6001282BBF5A00D6D11E /* AnalyticsService.swift in Sources */ = {isa = PBXBuildFile; fileRef = FEBD6000282BBF5A00D6D11E /* AnalyticsService.swift */; };
		FEBEAAA2282A27B4008076B8 /* EnumsAndStructs.swift in Sources */ = {isa = PBXBuildFile; fileRef = FEBEAAA1282A27B4008076B8 /* EnumsAndStructs.swift */; };
		FEBEAAA5282A2900008076B8 /* ImageManager.swift in Sources */ = {isa = PBXBuildFile; fileRef = FEBEAAA4282A2900008076B8 /* ImageManager.swift */; };
		FEBFFA0B28250F2B007A4188 /* OnboardingView.swift in Sources */ = {isa = PBXBuildFile; fileRef = FEBFFA0A28250F2B007A4188 /* OnboardingView.swift */; };
		FEBFFA0F28251083007A4188 /* SigninWithAppleCustom.swift in Sources */ = {isa = PBXBuildFile; fileRef = FEBFFA0E28251083007A4188 /* SigninWithAppleCustom.swift */; };
		FEBFFA11282512D0007A4188 /* OnboardingViewPart2.swift in Sources */ = {isa = PBXBuildFile; fileRef = FEBFFA10282512D0007A4188 /* OnboardingViewPart2.swift */; };
		FEBFFA1328251912007A4188 /* LikeAnimationView.swift in Sources */ = {isa = PBXBuildFile; fileRef = FEBFFA1228251912007A4188 /* LikeAnimationView.swift */; };
		FEC062B72824D12300EB8E21 /* CarouselView.swift in Sources */ = {isa = PBXBuildFile; fileRef = FEC062B62824D12300EB8E21 /* CarouselView.swift */; };
		FEC062B92824D99B00EB8E21 /* ImageGridView.swift in Sources */ = {isa = PBXBuildFile; fileRef = FEC062B82824D99B00EB8E21 /* ImageGridView.swift */; };
		FEC73442282A362D009D1C83 /* FirebaseAnalyticsWithoutAdIdSupport in Frameworks */ = {isa = PBXBuildFile; productRef = FEC73441282A362D009D1C83 /* FirebaseAnalyticsWithoutAdIdSupport */; };
		FEC73444282A362D009D1C83 /* FirebaseAuth in Frameworks */ = {isa = PBXBuildFile; productRef = FEC73443282A362D009D1C83 /* FirebaseAuth */; };
		FEC73446282A362D009D1C83 /* FirebaseFirestore in Frameworks */ = {isa = PBXBuildFile; productRef = FEC73445282A362D009D1C83 /* FirebaseFirestore */; };
		FEC73448282A362D009D1C83 /* FirebaseStorage in Frameworks */ = {isa = PBXBuildFile; productRef = FEC73447282A362D009D1C83 /* FirebaseStorage */; };
		FED2C9B2282B7E600099DEDB /* DataService.swift in Sources */ = {isa = PBXBuildFile; fileRef = FED2C9B1282B7E600099DEDB /* DataService.swift */; };
/* End PBXBuildFile section */

/* Begin PBXFileReference section */
		FE044D8E2828F57200EB19DE /* GoogleService-Info.plist */ = {isa = PBXFileReference; fileEncoding = 4; lastKnownFileType = text.plist.xml; path = "GoogleService-Info.plist"; sourceTree = "<group>"; };
		FE044D902828F6E200EB19DE /* ChanGram.entitlements */ = {isa = PBXFileReference; lastKnownFileType = text.plist.entitlements; path = ChanGram.entitlements; sourceTree = "<group>"; };
		FE044D932828F73900EB19DE /* SignInWithApple.swift */ = {isa = PBXFileReference; lastKnownFileType = sourcecode.swift; path = SignInWithApple.swift; sourceTree = "<group>"; };
		FE2B399E282A0BC8007DA876 /* SignInWithGoogle.swift */ = {isa = PBXFileReference; lastKnownFileType = sourcecode.swift; path = SignInWithGoogle.swift; sourceTree = "<group>"; };
		FE2B39A4282A18DA007DA876 /* AuthService.swift */ = {isa = PBXFileReference; lastKnownFileType = sourcecode.swift; path = AuthService.swift; sourceTree = "<group>"; };
		FE53F6772824DF6A001722B3 /* UploadView.swift */ = {isa = PBXFileReference; lastKnownFileType = sourcecode.swift; path = UploadView.swift; sourceTree = "<group>"; };
		FE53F6792824E1ED001722B3 /* ImagePicker.swift */ = {isa = PBXFileReference; lastKnownFileType = sourcecode.swift; path = ImagePicker.swift; sourceTree = "<group>"; };
		FE53F67B2824EADD001722B3 /* PostImageView.swift */ = {isa = PBXFileReference; lastKnownFileType = sourcecode.swift; path = PostImageView.swift; sourceTree = "<group>"; };
		FE53F67D2824F09F001722B3 /* ProfileView.swift */ = {isa = PBXFileReference; lastKnownFileType = sourcecode.swift; path = ProfileView.swift; sourceTree = "<group>"; };
		FE53F67F2824F178001722B3 /* ProfileHeaderView.swift */ = {isa = PBXFileReference; lastKnownFileType = sourcecode.swift; path = ProfileHeaderView.swift; sourceTree = "<group>"; };
		FE53F6812824F764001722B3 /* SettingsView.swift */ = {isa = PBXFileReference; lastKnownFileType = sourcecode.swift; path = SettingsView.swift; sourceTree = "<group>"; };
		FE53F6832824F919001722B3 /* SettingsLabelView.swift */ = {isa = PBXFileReference; lastKnownFileType = sourcecode.swift; path = SettingsLabelView.swift; sourceTree = "<group>"; };
		FE53F6852824FAFD001722B3 /* SettingsRowView.swift */ = {isa = PBXFileReference; lastKnownFileType = sourcecode.swift; path = SettingsRowView.swift; sourceTree = "<group>"; };
		FE53F6872824FFDA001722B3 /* SettingsEditTextView.swift */ = {isa = PBXFileReference; lastKnownFileType = sourcecode.swift; path = SettingsEditTextView.swift; sourceTree = "<group>"; };
		FE53F68928250354001722B3 /* SettingEditImageView.swift */ = {isa = PBXFileReference; lastKnownFileType = sourcecode.swift; path = SettingEditImageView.swift; sourceTree = "<group>"; };
		FE53F68B282508CA001722B3 /* SignupView.swift */ = {isa = PBXFileReference; lastKnownFileType = sourcecode.swift; path = SignupView.swift; sourceTree = "<group>"; };
		FE64455A2824B435001F22A7 /* ChanGram.app */ = {isa = PBXFileReference; explicitFileType = wrapper.application; includeInIndex = 0; path = ChanGram.app; sourceTree = BUILT_PRODUCTS_DIR; };
		FE64455D2824B435001F22A7 /* ChanGramApp.swift */ = {isa = PBXFileReference; lastKnownFileType = sourcecode.swift; path = ChanGramApp.swift; sourceTree = "<group>"; };
		FE64455F2824B435001F22A7 /* ContentView.swift */ = {isa = PBXFileReference; lastKnownFileType = sourcecode.swift; path = ContentView.swift; sourceTree = "<group>"; };
		FE6445612824B436001F22A7 /* Assets.xcassets */ = {isa = PBXFileReference; lastKnownFileType = folder.assetcatalog; path = Assets.xcassets; sourceTree = "<group>"; };
		FE6445642824B436001F22A7 /* Preview Assets.xcassets */ = {isa = PBXFileReference; lastKnownFileType = folder.assetcatalog; path = "Preview Assets.xcassets"; sourceTree = "<group>"; };
		FE64456B2824B980001F22A7 /* LaunchScreen.storyboard */ = {isa = PBXFileReference; lastKnownFileType = file.storyboard; path = LaunchScreen.storyboard; sourceTree = "<group>"; };
		FE6445712824BD36001F22A7 /* Extensions.swift */ = {isa = PBXFileReference; lastKnownFileType = sourcecode.swift; path = Extensions.swift; sourceTree = "<group>"; };
		FE6445732824BE0E001F22A7 /* FeedView.swift */ = {isa = PBXFileReference; lastKnownFileType = sourcecode.swift; path = FeedView.swift; sourceTree = "<group>"; };
		FE6445752824BEE2001F22A7 /* PostView.swift */ = {isa = PBXFileReference; lastKnownFileType = sourcecode.swift; path = PostView.swift; sourceTree = "<group>"; };
		FE6445782824C213001F22A7 /* PostModel.swift */ = {isa = PBXFileReference; lastKnownFileType = sourcecode.swift; path = PostModel.swift; sourceTree = "<group>"; };
		FE64457A2824C4EF001F22A7 /* PostArrayObject.swift */ = {isa = PBXFileReference; lastKnownFileType = sourcecode.swift; path = PostArrayObject.swift; sourceTree = "<group>"; };
		FE64457C2824C84F001F22A7 /* CommentsView.swift */ = {isa = PBXFileReference; lastKnownFileType = sourcecode.swift; path = CommentsView.swift; sourceTree = "<group>"; };
		FE64457E2824CA0D001F22A7 /* MessageView.swift */ = {isa = PBXFileReference; lastKnownFileType = sourcecode.swift; path = MessageView.swift; sourceTree = "<group>"; };
		FE780F292824CB8B009D93BC /* CommentModel.swift */ = {isa = PBXFileReference; lastKnownFileType = sourcecode.swift; path = CommentModel.swift; sourceTree = "<group>"; };
		FE780F2B2824D047009D93BC /* BrowseView.swift */ = {isa = PBXFileReference; lastKnownFileType = sourcecode.swift; path = BrowseView.swift; sourceTree = "<group>"; };
		FEBD5FFE282BB9CF00D6D11E /* LazyView.swift */ = {isa = PBXFileReference; lastKnownFileType = sourcecode.swift; path = LazyView.swift; sourceTree = "<group>"; };
		FEBD6000282BBF5A00D6D11E /* AnalyticsService.swift */ = {isa = PBXFileReference; lastKnownFileType = sourcecode.swift; path = AnalyticsService.swift; sourceTree = "<group>"; };
		FEBEAAA1282A27B4008076B8 /* EnumsAndStructs.swift */ = {isa = PBXFileReference; lastKnownFileType = sourcecode.swift; path = EnumsAndStructs.swift; sourceTree = "<group>"; };
		FEBEAAA4282A2900008076B8 /* ImageManager.swift */ = {isa = PBXFileReference; lastKnownFileType = sourcecode.swift; path = ImageManager.swift; sourceTree = "<group>"; };
		FEBFFA0A28250F2B007A4188 /* OnboardingView.swift */ = {isa = PBXFileReference; lastKnownFileType = sourcecode.swift; path = OnboardingView.swift; sourceTree = "<group>"; };
		FEBFFA0E28251083007A4188 /* SigninWithAppleCustom.swift */ = {isa = PBXFileReference; lastKnownFileType = sourcecode.swift; path = SigninWithAppleCustom.swift; sourceTree = "<group>"; };
		FEBFFA10282512D0007A4188 /* OnboardingViewPart2.swift */ = {isa = PBXFileReference; lastKnownFileType = sourcecode.swift; path = OnboardingViewPart2.swift; sourceTree = "<group>"; };
		FEBFFA1228251912007A4188 /* LikeAnimationView.swift */ = {isa = PBXFileReference; lastKnownFileType = sourcecode.swift; path = LikeAnimationView.swift; sourceTree = "<group>"; };
		FEC062B62824D12300EB8E21 /* CarouselView.swift */ = {isa = PBXFileReference; lastKnownFileType = sourcecode.swift; path = CarouselView.swift; sourceTree = "<group>"; };
		FEC062B82824D99B00EB8E21 /* ImageGridView.swift */ = {isa = PBXFileReference; lastKnownFileType = sourcecode.swift; path = ImageGridView.swift; sourceTree = "<group>"; };
		FED2C9B1282B7E600099DEDB /* DataService.swift */ = {isa = PBXFileReference; lastKnownFileType = sourcecode.swift; path = DataService.swift; sourceTree = "<group>"; };
/* End PBXFileReference section */

/* Begin PBXFrameworksBuildPhase section */
		FE6445572824B435001F22A7 /* Frameworks */ = {
			isa = PBXFrameworksBuildPhase;
			buildActionMask = 2147483647;
			files = (
				FE2B39A2282A0D4E007DA876 /* GoogleSignIn in Frameworks */,
				FEC73446282A362D009D1C83 /* FirebaseFirestore in Frameworks */,
				FEC73444282A362D009D1C83 /* FirebaseAuth in Frameworks */,
				FEC73448282A362D009D1C83 /* FirebaseStorage in Frameworks */,
				FEC73442282A362D009D1C83 /* FirebaseAnalyticsWithoutAdIdSupport in Frameworks */,
			);
			runOnlyForDeploymentPostprocessing = 0;
		};
/* End PBXFrameworksBuildPhase section */

/* Begin PBXGroup section */
		FE044D912828F71900EB19DE /* Services */ = {
			isa = PBXGroup;
			children = (
				FE2B39A3282A18C9007DA876 /* Firebase */,
				FE044D922828F72000EB19DE /* SignInProviders */,
			);
			path = Services;
			sourceTree = "<group>";
		};
		FE044D922828F72000EB19DE /* SignInProviders */ = {
			isa = PBXGroup;
			children = (
				FE044D932828F73900EB19DE /* SignInWithApple.swift */,
				FE2B399E282A0BC8007DA876 /* SignInWithGoogle.swift */,
			);
			path = SignInProviders;
			sourceTree = "<group>";
		};
		FE2B39A3282A18C9007DA876 /* Firebase */ = {
			isa = PBXGroup;
			children = (
				FE2B39A4282A18DA007DA876 /* AuthService.swift */,
				FED2C9B1282B7E600099DEDB /* DataService.swift */,
				FEBD6000282BBF5A00D6D11E /* AnalyticsService.swift */,
			);
			path = Firebase;
			sourceTree = "<group>";
		};
		FE6445512824B435001F22A7 = {
			isa = PBXGroup;
			children = (
				FE64455C2824B435001F22A7 /* ChanGram */,
				FE64455B2824B435001F22A7 /* Products */,
			);
			sourceTree = "<group>";
		};
		FE64455B2824B435001F22A7 /* Products */ = {
			isa = PBXGroup;
			children = (
				FE64455A2824B435001F22A7 /* ChanGram.app */,
			);
			name = Products;
			sourceTree = "<group>";
		};
		FE64455C2824B435001F22A7 /* ChanGram */ = {
			isa = PBXGroup;
			children = (
				FEBEAAA3282A28E1008076B8 /* Utilities */,
				FE044D912828F71900EB19DE /* Services */,
				FE044D902828F6E200EB19DE /* ChanGram.entitlements */,
				FE6445772824C1FD001F22A7 /* Model */,
				FE6445702824BD24001F22A7 /* Helpers */,
				FE64456D2824BB37001F22A7 /* Views */,
				FE6445612824B436001F22A7 /* Assets.xcassets */,
				FE044D8E2828F57200EB19DE /* GoogleService-Info.plist */,
				FE6445632824B436001F22A7 /* Preview Content */,
				FE64456B2824B980001F22A7 /* LaunchScreen.storyboard */,
			);
			path = ChanGram;
			sourceTree = "<group>";
		};
		FE6445632824B436001F22A7 /* Preview Content */ = {
			isa = PBXGroup;
			children = (
				FE6445642824B436001F22A7 /* Preview Assets.xcassets */,
			);
			path = "Preview Content";
			sourceTree = "<group>";
		};
		FE64456D2824BB37001F22A7 /* Views */ = {
			isa = PBXGroup;
			children = (
				FE64456F2824BB47001F22A7 /* SubViews */,
				FE64456E2824BB40001F22A7 /* Screens */,
			);
			path = Views;
			sourceTree = "<group>";
		};
		FE64456E2824BB40001F22A7 /* Screens */ = {
			isa = PBXGroup;
			children = (
				FE64455D2824B435001F22A7 /* ChanGramApp.swift */,
				FE64455F2824B435001F22A7 /* ContentView.swift */,
				FE6445732824BE0E001F22A7 /* FeedView.swift */,
				FE64457C2824C84F001F22A7 /* CommentsView.swift */,
				FE780F2B2824D047009D93BC /* BrowseView.swift */,
				FE53F6772824DF6A001722B3 /* UploadView.swift */,
				FE53F67B2824EADD001722B3 /* PostImageView.swift */,
				FE53F67D2824F09F001722B3 /* ProfileView.swift */,
				FE53F6812824F764001722B3 /* SettingsView.swift */,
				FE53F6872824FFDA001722B3 /* SettingsEditTextView.swift */,
				FE53F68928250354001722B3 /* SettingEditImageView.swift */,
				FE53F68B282508CA001722B3 /* SignupView.swift */,
				FEBFFA0A28250F2B007A4188 /* OnboardingView.swift */,
				FEBFFA10282512D0007A4188 /* OnboardingViewPart2.swift */,
			);
			path = Screens;
			sourceTree = "<group>";
		};
		FE64456F2824BB47001F22A7 /* SubViews */ = {
			isa = PBXGroup;
			children = (
				FE6445752824BEE2001F22A7 /* PostView.swift */,
				FE64457E2824CA0D001F22A7 /* MessageView.swift */,
				FEC062B62824D12300EB8E21 /* CarouselView.swift */,
				FEC062B82824D99B00EB8E21 /* ImageGridView.swift */,
				FE53F6792824E1ED001722B3 /* ImagePicker.swift */,
				FE53F67F2824F178001722B3 /* ProfileHeaderView.swift */,
				FE53F6832824F919001722B3 /* SettingsLabelView.swift */,
				FE53F6852824FAFD001722B3 /* SettingsRowView.swift */,
				FEBFFA0E28251083007A4188 /* SigninWithAppleCustom.swift */,
				FEBFFA1228251912007A4188 /* LikeAnimationView.swift */,
			);
			path = SubViews;
			sourceTree = "<group>";
		};
		FE6445702824BD24001F22A7 /* Helpers */ = {
			isa = PBXGroup;
			children = (
				FE6445712824BD36001F22A7 /* Extensions.swift */,
				FEBEAAA1282A27B4008076B8 /* EnumsAndStructs.swift */,
				FEBD5FFE282BB9CF00D6D11E /* LazyView.swift */,
			);
			path = Helpers;
			sourceTree = "<group>";
		};
		FE6445772824C1FD001F22A7 /* Model */ = {
			isa = PBXGroup;
			children = (
				FE6445782824C213001F22A7 /* PostModel.swift */,
				FE64457A2824C4EF001F22A7 /* PostArrayObject.swift */,
				FE780F292824CB8B009D93BC /* CommentModel.swift */,
			);
			path = Model;
			sourceTree = "<group>";
		};
		FEBEAAA3282A28E1008076B8 /* Utilities */ = {
			isa = PBXGroup;
			children = (
				FEBEAAA4282A2900008076B8 /* ImageManager.swift */,
			);
			path = Utilities;
			sourceTree = "<group>";
		};
/* End PBXGroup section */

/* Begin PBXNativeTarget section */
		FE6445592824B435001F22A7 /* ChanGram */ = {
			isa = PBXNativeTarget;
			buildConfigurationList = FE6445682824B436001F22A7 /* Build configuration list for PBXNativeTarget "ChanGram" */;
			buildPhases = (
				FE6445562824B435001F22A7 /* Sources */,
				FE6445572824B435001F22A7 /* Frameworks */,
				FE6445582824B435001F22A7 /* Resources */,
			);
			buildRules = (
			);
			dependencies = (
			);
			name = ChanGram;
			packageProductDependencies = (
				FE2B39A1282A0D4E007DA876 /* GoogleSignIn */,
				FEC73441282A362D009D1C83 /* FirebaseAnalyticsWithoutAdIdSupport */,
				FEC73443282A362D009D1C83 /* FirebaseAuth */,
				FEC73445282A362D009D1C83 /* FirebaseFirestore */,
				FEC73447282A362D009D1C83 /* FirebaseStorage */,
			);
			productName = ChanGram;
			productReference = FE64455A2824B435001F22A7 /* ChanGram.app */;
			productType = "com.apple.product-type.application";
		};
/* End PBXNativeTarget section */

/* Begin PBXProject section */
		FE6445522824B435001F22A7 /* Project object */ = {
			isa = PBXProject;
			attributes = {
				BuildIndependentTargetsInParallel = 1;
				LastSwiftUpdateCheck = 1330;
				LastUpgradeCheck = 1330;
				TargetAttributes = {
					FE6445592824B435001F22A7 = {
						CreatedOnToolsVersion = 13.3.1;
					};
				};
			};
			buildConfigurationList = FE6445552824B435001F22A7 /* Build configuration list for PBXProject "ChanGram" */;
			compatibilityVersion = "Xcode 13.0";
			developmentRegion = en;
			hasScannedForEncodings = 0;
			knownRegions = (
				en,
				Base,
			);
			mainGroup = FE6445512824B435001F22A7;
			packageReferences = (
				FE2B39A0282A0D4D007DA876 /* XCRemoteSwiftPackageReference "GoogleSignIn-iOS" */,
				FEC73440282A362D009D1C83 /* XCRemoteSwiftPackageReference "firebase-ios-sdk" */,
			);
			productRefGroup = FE64455B2824B435001F22A7 /* Products */;
			projectDirPath = "";
			projectRoot = "";
			targets = (
				FE6445592824B435001F22A7 /* ChanGram */,
			);
		};
/* End PBXProject section */

/* Begin PBXResourcesBuildPhase section */
		FE6445582824B435001F22A7 /* Resources */ = {
			isa = PBXResourcesBuildPhase;
			buildActionMask = 2147483647;
			files = (
				FE64456C2824B980001F22A7 /* LaunchScreen.storyboard in Resources */,
				FE044D8F2828F57200EB19DE /* GoogleService-Info.plist in Resources */,
				FE6445652824B436001F22A7 /* Preview Assets.xcassets in Resources */,
				FE6445622824B436001F22A7 /* Assets.xcassets in Resources */,
			);
			runOnlyForDeploymentPostprocessing = 0;
		};
/* End PBXResourcesBuildPhase section */

/* Begin PBXSourcesBuildPhase section */
		FE6445562824B435001F22A7 /* Sources */ = {
			isa = PBXSourcesBuildPhase;
			buildActionMask = 2147483647;
			files = (
				FE6445742824BE0E001F22A7 /* FeedView.swift in Sources */,
				FE2B39A5282A18DA007DA876 /* AuthService.swift in Sources */,
				FEBD6001282BBF5A00D6D11E /* AnalyticsService.swift in Sources */,
				FE6445792824C213001F22A7 /* PostModel.swift in Sources */,
				FEBEAAA2282A27B4008076B8 /* EnumsAndStructs.swift in Sources */,
				FE53F68A28250354001722B3 /* SettingEditImageView.swift in Sources */,
				FEBFFA0F28251083007A4188 /* SigninWithAppleCustom.swift in Sources */,
				FE53F6842824F919001722B3 /* SettingsLabelView.swift in Sources */,
				FE53F67C2824EADD001722B3 /* PostImageView.swift in Sources */,
				FE6445602824B435001F22A7 /* ContentView.swift in Sources */,
				FEBEAAA5282A2900008076B8 /* ImageManager.swift in Sources */,
				FE64457F2824CA0D001F22A7 /* MessageView.swift in Sources */,
				FE6445722824BD36001F22A7 /* Extensions.swift in Sources */,
				FE64457B2824C4EF001F22A7 /* PostArrayObject.swift in Sources */,
				FEBD5FFF282BB9CF00D6D11E /* LazyView.swift in Sources */,
				FEC062B92824D99B00EB8E21 /* ImageGridView.swift in Sources */,
				FE53F6862824FAFD001722B3 /* SettingsRowView.swift in Sources */,
				FE044D942828F73900EB19DE /* SignInWithApple.swift in Sources */,
				FE6445762824BEE2001F22A7 /* PostView.swift in Sources */,
				FE53F68C282508CA001722B3 /* SignupView.swift in Sources */,
				FEBFFA1328251912007A4188 /* LikeAnimationView.swift in Sources */,
				FE53F67E2824F09F001722B3 /* ProfileView.swift in Sources */,
				FE780F2C2824D047009D93BC /* BrowseView.swift in Sources */,
				FE780F2A2824CB8B009D93BC /* CommentModel.swift in Sources */,
				FE64457D2824C84F001F22A7 /* CommentsView.swift in Sources */,
				FE53F6802824F178001722B3 /* ProfileHeaderView.swift in Sources */,
				FEBFFA0B28250F2B007A4188 /* OnboardingView.swift in Sources */,
				FE2B399F282A0BC8007DA876 /* SignInWithGoogle.swift in Sources */,
				FE53F6782824DF6A001722B3 /* UploadView.swift in Sources */,
				FE53F67A2824E1ED001722B3 /* ImagePicker.swift in Sources */,
				FEC062B72824D12300EB8E21 /* CarouselView.swift in Sources */,
				FE64455E2824B435001F22A7 /* ChanGramApp.swift in Sources */,
				FE53F6882824FFDA001722B3 /* SettingsEditTextView.swift in Sources */,
				FEBFFA11282512D0007A4188 /* OnboardingViewPart2.swift in Sources */,
				FE53F6822824F764001722B3 /* SettingsView.swift in Sources */,
				FED2C9B2282B7E600099DEDB /* DataService.swift in Sources */,
			);
			runOnlyForDeploymentPostprocessing = 0;
		};
/* End PBXSourcesBuildPhase section */

/* Begin XCBuildConfiguration section */
		FE6445662824B436001F22A7 /* Debug */ = {
			isa = XCBuildConfiguration;
			buildSettings = {
				ALWAYS_SEARCH_USER_PATHS = NO;
				CLANG_ANALYZER_NONNULL = YES;
				CLANG_ANALYZER_NUMBER_OBJECT_CONVERSION = YES_AGGRESSIVE;
				CLANG_CXX_LANGUAGE_STANDARD = "gnu++17";
				CLANG_ENABLE_MODULES = YES;
				CLANG_ENABLE_OBJC_ARC = YES;
				CLANG_ENABLE_OBJC_WEAK = YES;
				CLANG_WARN_BLOCK_CAPTURE_AUTORELEASING = YES;
				CLANG_WARN_BOOL_CONVERSION = YES;
				CLANG_WARN_COMMA = YES;
				CLANG_WARN_CONSTANT_CONVERSION = YES;
				CLANG_WARN_DEPRECATED_OBJC_IMPLEMENTATIONS = YES;
				CLANG_WARN_DIRECT_OBJC_ISA_USAGE = YES_ERROR;
				CLANG_WARN_DOCUMENTATION_COMMENTS = YES;
				CLANG_WARN_EMPTY_BODY = YES;
				CLANG_WARN_ENUM_CONVERSION = YES;
				CLANG_WARN_INFINITE_RECURSION = YES;
				CLANG_WARN_INT_CONVERSION = YES;
				CLANG_WARN_NON_LITERAL_NULL_CONVERSION = YES;
				CLANG_WARN_OBJC_IMPLICIT_RETAIN_SELF = YES;
				CLANG_WARN_OBJC_LITERAL_CONVERSION = YES;
				CLANG_WARN_OBJC_ROOT_CLASS = YES_ERROR;
				CLANG_WARN_QUOTED_INCLUDE_IN_FRAMEWORK_HEADER = YES;
				CLANG_WARN_RANGE_LOOP_ANALYSIS = YES;
				CLANG_WARN_STRICT_PROTOTYPES = YES;
				CLANG_WARN_SUSPICIOUS_MOVE = YES;
				CLANG_WARN_UNGUARDED_AVAILABILITY = YES_AGGRESSIVE;
				CLANG_WARN_UNREACHABLE_CODE = YES;
				CLANG_WARN__DUPLICATE_METHOD_MATCH = YES;
				COPY_PHASE_STRIP = NO;
				DEBUG_INFORMATION_FORMAT = dwarf;
				ENABLE_STRICT_OBJC_MSGSEND = YES;
				ENABLE_TESTABILITY = YES;
				GCC_C_LANGUAGE_STANDARD = gnu11;
				GCC_DYNAMIC_NO_PIC = NO;
				GCC_NO_COMMON_BLOCKS = YES;
				GCC_OPTIMIZATION_LEVEL = 0;
				GCC_PREPROCESSOR_DEFINITIONS = (
					"DEBUG=1",
					"$(inherited)",
				);
				GCC_WARN_64_TO_32_BIT_CONVERSION = YES;
				GCC_WARN_ABOUT_RETURN_TYPE = YES_ERROR;
				GCC_WARN_UNDECLARED_SELECTOR = YES;
				GCC_WARN_UNINITIALIZED_AUTOS = YES_AGGRESSIVE;
				GCC_WARN_UNUSED_FUNCTION = YES;
				GCC_WARN_UNUSED_VARIABLE = YES;
				IPHONEOS_DEPLOYMENT_TARGET = 15.4;
				MTL_ENABLE_DEBUG_INFO = INCLUDE_SOURCE;
				MTL_FAST_MATH = YES;
				ONLY_ACTIVE_ARCH = YES;
				SDKROOT = iphoneos;
				SWIFT_ACTIVE_COMPILATION_CONDITIONS = DEBUG;
				SWIFT_OPTIMIZATION_LEVEL = "-Onone";
			};
			name = Debug;
		};
		FE6445672824B436001F22A7 /* Release */ = {
			isa = XCBuildConfiguration;
			buildSettings = {
				ALWAYS_SEARCH_USER_PATHS = NO;
				CLANG_ANALYZER_NONNULL = YES;
				CLANG_ANALYZER_NUMBER_OBJECT_CONVERSION = YES_AGGRESSIVE;
				CLANG_CXX_LANGUAGE_STANDARD = "gnu++17";
				CLANG_ENABLE_MODULES = YES;
				CLANG_ENABLE_OBJC_ARC = YES;
				CLANG_ENABLE_OBJC_WEAK = YES;
				CLANG_WARN_BLOCK_CAPTURE_AUTORELEASING = YES;
				CLANG_WARN_BOOL_CONVERSION = YES;
				CLANG_WARN_COMMA = YES;
				CLANG_WARN_CONSTANT_CONVERSION = YES;
				CLANG_WARN_DEPRECATED_OBJC_IMPLEMENTATIONS = YES;
				CLANG_WARN_DIRECT_OBJC_ISA_USAGE = YES_ERROR;
				CLANG_WARN_DOCUMENTATION_COMMENTS = YES;
				CLANG_WARN_EMPTY_BODY = YES;
				CLANG_WARN_ENUM_CONVERSION = YES;
				CLANG_WARN_INFINITE_RECURSION = YES;
				CLANG_WARN_INT_CONVERSION = YES;
				CLANG_WARN_NON_LITERAL_NULL_CONVERSION = YES;
				CLANG_WARN_OBJC_IMPLICIT_RETAIN_SELF = YES;
				CLANG_WARN_OBJC_LITERAL_CONVERSION = YES;
				CLANG_WARN_OBJC_ROOT_CLASS = YES_ERROR;
				CLANG_WARN_QUOTED_INCLUDE_IN_FRAMEWORK_HEADER = YES;
				CLANG_WARN_RANGE_LOOP_ANALYSIS = YES;
				CLANG_WARN_STRICT_PROTOTYPES = YES;
				CLANG_WARN_SUSPICIOUS_MOVE = YES;
				CLANG_WARN_UNGUARDED_AVAILABILITY = YES_AGGRESSIVE;
				CLANG_WARN_UNREACHABLE_CODE = YES;
				CLANG_WARN__DUPLICATE_METHOD_MATCH = YES;
				COPY_PHASE_STRIP = NO;
				DEBUG_INFORMATION_FORMAT = "dwarf-with-dsym";
				ENABLE_NS_ASSERTIONS = NO;
				ENABLE_STRICT_OBJC_MSGSEND = YES;
				GCC_C_LANGUAGE_STANDARD = gnu11;
				GCC_NO_COMMON_BLOCKS = YES;
				GCC_WARN_64_TO_32_BIT_CONVERSION = YES;
				GCC_WARN_ABOUT_RETURN_TYPE = YES_ERROR;
				GCC_WARN_UNDECLARED_SELECTOR = YES;
				GCC_WARN_UNINITIALIZED_AUTOS = YES_AGGRESSIVE;
				GCC_WARN_UNUSED_FUNCTION = YES;
				GCC_WARN_UNUSED_VARIABLE = YES;
				IPHONEOS_DEPLOYMENT_TARGET = 15.4;
				MTL_ENABLE_DEBUG_INFO = NO;
				MTL_FAST_MATH = YES;
				SDKROOT = iphoneos;
				SWIFT_COMPILATION_MODE = wholemodule;
				SWIFT_OPTIMIZATION_LEVEL = "-O";
				VALIDATE_PRODUCT = YES;
			};
			name = Release;
		};
		FE6445692824B436001F22A7 /* Debug */ = {
			isa = XCBuildConfiguration;
			buildSettings = {
				ASSETCATALOG_COMPILER_APPICON_NAME = AppIcon;
				ASSETCATALOG_COMPILER_GLOBAL_ACCENT_COLOR_NAME = AccentColor;
				CODE_SIGN_ENTITLEMENTS = ChanGram/ChanGram.entitlements;
				CODE_SIGN_STYLE = Automatic;
				CURRENT_PROJECT_VERSION = 1;
				DEVELOPMENT_ASSET_PATHS = "\"ChanGram/Preview Content\"";
				DEVELOPMENT_TEAM = B6B99GV83S;
				ENABLE_PREVIEWS = YES;
				GENERATE_INFOPLIST_FILE = YES;
				INFOPLIST_FILE = ChanGram/Info.plist;
				INFOPLIST_KEY_NSCameraUsageDescription = "This app uses the camera at the user's request to take a photo.";
				INFOPLIST_KEY_NSPhotoLibraryUsageDescription = "This allows the app to access the photo library to import or save a photo.";
				INFOPLIST_KEY_UIApplicationSceneManifest_Generation = YES;
				INFOPLIST_KEY_UIApplicationSupportsIndirectInputEvents = YES;
				INFOPLIST_KEY_UILaunchScreen_Generation = YES;
				INFOPLIST_KEY_UILaunchStoryboardName = LaunchScreen;
				INFOPLIST_KEY_UISupportedInterfaceOrientations = UIInterfaceOrientationPortrait;
				INFOPLIST_KEY_UISupportedInterfaceOrientations_iPad = "UIInterfaceOrientationPortrait UIInterfaceOrientationPortraitUpsideDown UIInterfaceOrientationLandscapeLeft UIInterfaceOrientationLandscapeRight";
				INFOPLIST_KEY_UISupportedInterfaceOrientations_iPhone = "UIInterfaceOrientationPortrait UIInterfaceOrientationLandscapeLeft UIInterfaceOrientationLandscapeRight";
				LD_RUNPATH_SEARCH_PATHS = (
					"$(inherited)",
					"@executable_path/Frameworks",
				);
				MARKETING_VERSION = 1.0;
				PRODUCT_BUNDLE_IDENTIFIER = me.chanwaihsuen.apple.ChanGram;
				PRODUCT_NAME = "$(TARGET_NAME)";
				SWIFT_EMIT_LOC_STRINGS = YES;
				SWIFT_VERSION = 5.0;
				TARGETED_DEVICE_FAMILY = "1,2";
			};
			name = Debug;
		};
		FE64456A2824B436001F22A7 /* Release */ = {
			isa = XCBuildConfiguration;
			buildSettings = {
				ASSETCATALOG_COMPILER_APPICON_NAME = AppIcon;
				ASSETCATALOG_COMPILER_GLOBAL_ACCENT_COLOR_NAME = AccentColor;
				CODE_SIGN_ENTITLEMENTS = ChanGram/ChanGram.entitlements;
				CODE_SIGN_STYLE = Automatic;
				CURRENT_PROJECT_VERSION = 1;
				DEVELOPMENT_ASSET_PATHS = "\"ChanGram/Preview Content\"";
				DEVELOPMENT_TEAM = B6B99GV83S;
				ENABLE_PREVIEWS = YES;
				GENERATE_INFOPLIST_FILE = YES;
				INFOPLIST_FILE = ChanGram/Info.plist;
				INFOPLIST_KEY_NSCameraUsageDescription = "This app uses the camera at the user's request to take a photo.";
				INFOPLIST_KEY_NSPhotoLibraryUsageDescription = "This allows the app to access the photo library to import or save a photo.";
				INFOPLIST_KEY_UIApplicationSceneManifest_Generation = YES;
				INFOPLIST_KEY_UIApplicationSupportsIndirectInputEvents = YES;
				INFOPLIST_KEY_UILaunchScreen_Generation = YES;
				INFOPLIST_KEY_UILaunchStoryboardName = LaunchScreen;
				INFOPLIST_KEY_UISupportedInterfaceOrientations = UIInterfaceOrientationPortrait;
				INFOPLIST_KEY_UISupportedInterfaceOrientations_iPad = "UIInterfaceOrientationPortrait UIInterfaceOrientationPortraitUpsideDown UIInterfaceOrientationLandscapeLeft UIInterfaceOrientationLandscapeRight";
				INFOPLIST_KEY_UISupportedInterfaceOrientations_iPhone = "UIInterfaceOrientationPortrait UIInterfaceOrientationLandscapeLeft UIInterfaceOrientationLandscapeRight";
				LD_RUNPATH_SEARCH_PATHS = (
					"$(inherited)",
					"@executable_path/Frameworks",
				);
				MARKETING_VERSION = 1.0;
				PRODUCT_BUNDLE_IDENTIFIER = me.chanwaihsuen.apple.ChanGram;
				PRODUCT_NAME = "$(TARGET_NAME)";
				SWIFT_EMIT_LOC_STRINGS = YES;
				SWIFT_VERSION = 5.0;
				TARGETED_DEVICE_FAMILY = "1,2";
			};
			name = Release;
		};
/* End XCBuildConfiguration section */

/* Begin XCConfigurationList section */
		FE6445552824B435001F22A7 /* Build configuration list for PBXProject "ChanGram" */ = {
			isa = XCConfigurationList;
			buildConfigurations = (
				FE6445662824B436001F22A7 /* Debug */,
				FE6445672824B436001F22A7 /* Release */,
			);
			defaultConfigurationIsVisible = 0;
			defaultConfigurationName = Release;
		};
		FE6445682824B436001F22A7 /* Build configuration list for PBXNativeTarget "ChanGram" */ = {
			isa = XCConfigurationList;
			buildConfigurations = (
				FE6445692824B436001F22A7 /* Debug */,
				FE64456A2824B436001F22A7 /* Release */,
			);
			defaultConfigurationIsVisible = 0;
			defaultConfigurationName = Release;
		};
/* End XCConfigurationList section */

/* Begin XCRemoteSwiftPackageReference section */
		FE2B39A0282A0D4D007DA876 /* XCRemoteSwiftPackageReference "GoogleSignIn-iOS" */ = {
			isa = XCRemoteSwiftPackageReference;
			repositoryURL = "https://github.com/google/GoogleSignIn-iOS.git";
			requirement = {
				kind = upToNextMajorVersion;
				minimumVersion = 6.0.0;
			};
		};
		FEC73440282A362D009D1C83 /* XCRemoteSwiftPackageReference "firebase-ios-sdk" */ = {
			isa = XCRemoteSwiftPackageReference;
			repositoryURL = "https://github.com/firebase/firebase-ios-sdk";
			requirement = {
				kind = upToNextMajorVersion;
				minimumVersion = 9.0.0;
			};
		};
/* End XCRemoteSwiftPackageReference section */

/* Begin XCSwiftPackageProductDependency section */
		FE2B39A1282A0D4E007DA876 /* GoogleSignIn */ = {
			isa = XCSwiftPackageProductDependency;
			package = FE2B39A0282A0D4D007DA876 /* XCRemoteSwiftPackageReference "GoogleSignIn-iOS" */;
			productName = GoogleSignIn;
		};
		FEC73441282A362D009D1C83 /* FirebaseAnalyticsWithoutAdIdSupport */ = {
			isa = XCSwiftPackageProductDependency;
			package = FEC73440282A362D009D1C83 /* XCRemoteSwiftPackageReference "firebase-ios-sdk" */;
			productName = FirebaseAnalyticsWithoutAdIdSupport;
		};
		FEC73443282A362D009D1C83 /* FirebaseAuth */ = {
			isa = XCSwiftPackageProductDependency;
			package = FEC73440282A362D009D1C83 /* XCRemoteSwiftPackageReference "firebase-ios-sdk" */;
			productName = FirebaseAuth;
		};
		FEC73445282A362D009D1C83 /* FirebaseFirestore */ = {
			isa = XCSwiftPackageProductDependency;
			package = FEC73440282A362D009D1C83 /* XCRemoteSwiftPackageReference "firebase-ios-sdk" */;
			productName = FirebaseFirestore;
		};
		FEC73447282A362D009D1C83 /* FirebaseStorage */ = {
			isa = XCSwiftPackageProductDependency;
			package = FEC73440282A362D009D1C83 /* XCRemoteSwiftPackageReference "firebase-ios-sdk" */;
			productName = FirebaseStorage;
		};
/* End XCSwiftPackageProductDependency section */
	};
	rootObject = FE6445522824B435001F22A7 /* Project object */;
}
